{
	"name": "sheets-syntax-language-server",
	"version": "1.0.0",
	"lockfileVersion": 3,
	"requires": true,
	"packages": {
		"": {
			"name": "sheets-syntax-language-server",
			"version": "1.0.0",
			"license": "MIT",
			"dependencies": {
				"csv": "^6.4.1",
				"vscode-languageserver": "^9.0.1"
			},
			"engines": {
				"node": "*"
			}
		},
		"node_modules/csv": {
			"version": "6.4.1",
			"resolved": "https://registry.npmjs.org/csv/-/csv-6.4.1.tgz",
			"integrity": "sha512-ajGosmTGnTwYyGl8STqZDu7R6LkDf3xL39XiOmliV/GufQeVUxHzTKIm4NOBCwmEuujK7B6isxs4Uqt9GcRCvA==",
			"license": "MIT",
			"dependencies": {
				"csv-generate": "^4.5.0",
				"csv-parse": "^6.1.0",
				"csv-stringify": "^6.6.0",
				"stream-transform": "^3.4.0"
			},
			"engines": {
				"node": ">= 0.1.90"
			}
		},
		"node_modules/csv-generate": {
			"version": "4.5.0",
			"resolved": "https://registry.npmjs.org/csv-generate/-/csv-generate-4.5.0.tgz",
			"integrity": "sha512-aQr/vmOKyBSBHNwYhAoXw1+kUsPnMSwmYgpNoo36rIXoG1ecWILnvPGZeQ6oUjzrWknZAD3+jfpqYOBAl4x15A==",
			"license": "MIT"
		},
		"node_modules/csv-parse": {
			"version": "6.1.0",
			"resolved": "https://registry.npmjs.org/csv-parse/-/csv-parse-6.1.0.tgz",
			"integrity": "sha512-CEE+jwpgLn+MmtCpVcPtiCZpVtB6Z2OKPTr34pycYYoL7sxdOkXDdQ4lRiw6ioC0q6BLqhc6cKweCVvral8yhw==",
			"license": "MIT"
		},
		"node_modules/csv-stringify": {
			"version": "6.6.0",
			"resolved": "https://registry.npmjs.org/csv-stringify/-/csv-stringify-6.6.0.tgz",
			"integrity": "sha512-YW32lKOmIBgbxtu3g5SaiqWNwa/9ISQt2EcgOq0+RAIFufFp9is6tqNnKahqE5kuKvrnYAzs28r+s6pXJR8Vcw==",
			"license": "MIT"
		},
		"node_modules/stream-transform": {
			"version": "3.4.0",
			"resolved": "https://registry.npmjs.org/stream-transform/-/stream-transform-3.4.0.tgz",
			"integrity": "sha512-QO3OGhKyeIV8p6eRQdG+W6WounFw519zk690hHCNfhgfP9bylVS+NTXsuBc7n+RsGn31UgFPGrWYIgoAbArKEw==",
			"license": "MIT"
		},
		"node_modules/vscode-jsonrpc": {
			"version": "8.2.0",
			"resolved": "https://registry.npmjs.org/vscode-jsonrpc/-/vscode-jsonrpc-8.2.0.tgz",
			"integrity": "sha512-C+r0eKJUIfiDIfwJhria30+TYWPtuHJXHtI7J0YlOmKAo7ogxP20T0zxB7HZQIFhIyvoBPwWskjxrvAtfjyZfA==",
			"license": "MIT",
			"engines": {
				"node": ">=14.0.0"
			}
		},
		"node_modules/vscode-languageserver": {
			"version": "9.0.1",
			"resolved": "https://registry.npmjs.org/vscode-languageserver/-/vscode-languageserver-9.0.1.tgz",
			"integrity": "sha512-woByF3PDpkHFUreUa7Hos7+pUWdeWMXRd26+ZX2A8cFx6v/JPTtd4/uN0/jB6XQHYaOlHbio03NTHCqrgG5n7g==",
			"license": "MIT",
			"dependencies": {
				"vscode-languageserver-protocol": "3.17.5"
			},
			"bin": {
				"installServerIntoExtension": "bin/installServerIntoExtension"
			}
		},
		"node_modules/vscode-languageserver-protocol": {
			"version": "3.17.5",
			"resolved": "https://registry.npmjs.org/vscode-languageserver-protocol/-/vscode-languageserver-protocol-3.17.5.tgz",
			"integrity": "sha512-mb1bvRJN8SVznADSGWM9u/b07H7Ecg0I3OgXDuLdn307rl/J3A9YD6/eYOssqhecL27hK1IPZAsaqh00i/Jljg==",
			"license": "MIT",
			"dependencies": {
				"vscode-jsonrpc": "8.2.0",
				"vscode-languageserver-types": "3.17.5"
			}
		},
		"node_modules/vscode-languageserver-types": {
			"version": "3.17.5",
			"resolved": "https://registry.npmjs.org/vscode-languageserver-types/-/vscode-languageserver-types-3.17.5.tgz",
			"integrity": "sha512-Ld1VelNuX9pdF39h2Hgaeb5hEZM2Z3jUrrMgWQAu82jMtZp7p3vJT3BzToKtZI7NgQssZje5o0zryOrhQvzQAg==",
			"license": "MIT"
		}
	}
}
